{
    "_meta": {
        "hash": {
            "sha256": "0e6c6db8a3de5868f75550651072bbf77381e37d44d71cddef143e5d148a561a"
        },
        "pipfile-spec": 6,
        "requires": {
            "python_version": "3.6"
        },
        "sources": [
            {
                "name": "pypi",
                "url": "https://pypi.org/simple",
                "verify_ssl": true
            }
        ]
    },
    "default": {
        "asgiref": {
            "hashes": [
                "sha256:7e51911ee147dd685c3c8b805c0ad0cb58d360987b56953878f8c06d2d1c6f1a",
                "sha256:9fc6fb5d39b8af147ba40765234fa822b39818b12cc80b35ad9b0cef3a476aed"
            ],
            "version": "==3.2.10"
        },
        "babel": {
            "hashes": [
                "sha256:1aac2ae2d0d8ea368fa90906567f5c08463d98ade155c0c4bfedd6a0f7160e38",
                "sha256:d670ea0b10f8b723672d3a6abeb87b565b244da220d76b4dba1b66269ec152d4"
            ],
            "version": "==2.8.0"
        },
        "dj-database-url": {
            "hashes": [
                "sha256:4aeaeb1f573c74835b0686a2b46b85990571159ffc21aa57ecd4d1e1cb334163",
                "sha256:851785365761ebe4994a921b433062309eb882fedd318e1b0fcecc607ed02da9"
            ],
            "version": "==0.5.0"
        },
        "django": {
            "hashes": [
                "sha256:a805872093720658e2b858a51c1b43a634790df073b732832d6b8080c38d6263",
                "sha256:e5893668d8981a35a5bed8287c56363f83181566037e5beabe09d2a29c8bf4ce"
            ],
            "index": "pypi",
            "version": "==3.1rc1"
        },
        "django-crispy-forms": {
            "hashes": [
                "sha256:888bb316db89b60050a42ec35080facb361d823eec38010ccb0702f45642d3b8",
                "sha256:f2f1e0fbb458851636447cfb6be1a611b40c8ac9e41a74ba923011378670b43b"
            ],
            "index": "pypi",
            "version": "==1.9.2"
        },
        "django-environ": {
            "hashes": [
                "sha256:6c9d87660142608f63ec7d5ce5564c49b603ea8ff25da595fd6098f6dc82afde",
                "sha256:c57b3c11ec1f319d9474e3e5a79134f40174b17c7cc024bbb2fad84646b120c4"
            ],
            "index": "pypi",
            "version": "==0.4.5"
        },
        "django-heroku": {
            "hashes": [
                "sha256:2bc690aab89eedbe01311752320a9a12e7548e3b0ed102681acc5736a41a4762",
                "sha256:6af4bc3ae4a9b55eaad6dbe5164918982d2762661aebc9f83d9fa49f6009514e"
            ],
            "index": "pypi",
            "version": "==0.3.1"
        },
        "django-phonenumber-field": {
            "extras": [
                "phonenumbers"
            ],
            "hashes": [
                "sha256:2ca3bb0ada0ebc164bd903a981a34f1202a4294006e520b0da961bd7ce9f20a4",
                "sha256:d4580cc3352f4433962825f9927e6669852c1b40ec484fcb5a74064dabc1201a"
            ],
            "index": "pypi",
            "version": "==4.0.0"
        },
        "django-session-timeout": {
            "hashes": [
                "sha256:648fe4ffa762f3bb62ce7a9ed1bbba8e37648158d555f18a880471982941084c",
                "sha256:e01b2502d4b9995edb93be1a66f304d0314cecb4f671ddc26cb4525a07e56282"
            ],
            "index": "pypi",
            "version": "==0.1.0"
        },
        "gunicorn": {
            "hashes": [
                "sha256:1904bb2b8a43658807108d59c3f3d56c2b6121a701161de0ddf9ad140073c626",
                "sha256:cd4a810dd51bf497552cf3f863b575dabd73d6ad6a91075b65936b151cbf4f9c"
            ],
            "index": "pypi",
            "version": "==20.0.4"
        },
        "html5lib": {
            "hashes": [
                "sha256:0d78f8fde1c230e99fe37986a60526d7049ed4bf8a9fadbad5f00e22e58e041d",
                "sha256:b2e5b40261e20f354d198eae92afc10d750afb487ed5e50f9c4eaf07c184146f"
            ],
            "version": "==1.1"
        },
        "phonenumbers": {
            "hashes": [
                "sha256:652c418f8e97c8438f227a524ddf8d7d325c4a47e4924ce865b827c24ec3194d",
                "sha256:772d69e620f85bb089d27c4e2bbf718c49ad327459accf9463ac65dbab67695c"
            ],
            "version": "==8.12.7"
        },
        "pillow": {
            "hashes": [
                "sha256:0295442429645fa16d05bd567ef5cff178482439c9aad0411d3f0ce9b88b3a6f",
                "sha256:06aba4169e78c439d528fdeb34762c3b61a70813527a2c57f0540541e9f433a8",
                "sha256:09d7f9e64289cb40c2c8d7ad674b2ed6105f55dc3b09aa8e4918e20a0311e7ad",
                "sha256:0a80dd307a5d8440b0a08bd7b81617e04d870e40a3e46a32d9c246e54705e86f",
                "sha256:1ca594126d3c4def54babee699c055a913efb01e106c309fa6b04405d474d5ae",
                "sha256:25930fadde8019f374400f7986e8404c8b781ce519da27792cbe46eabec00c4d",
                "sha256:431b15cffbf949e89df2f7b48528be18b78bfa5177cb3036284a5508159492b5",
                "sha256:52125833b070791fcb5710fabc640fc1df07d087fc0c0f02d3661f76c23c5b8b",
                "sha256:5e51ee2b8114def244384eda1c82b10e307ad9778dac5c83fb0943775a653cd8",
                "sha256:612cfda94e9c8346f239bf1a4b082fdd5c8143cf82d685ba2dba76e7adeeb233",
                "sha256:6d7741e65835716ceea0fd13a7d0192961212fd59e741a46bbed7a473c634ed6",
                "sha256:6edb5446f44d901e8683ffb25ebdfc26988ee813da3bf91e12252b57ac163727",
                "sha256:725aa6cfc66ce2857d585f06e9519a1cc0ef6d13f186ff3447ab6dff0a09bc7f",
                "sha256:8dad18b69f710bf3a001d2bf3afab7c432785d94fcf819c16b5207b1cfd17d38",
                "sha256:94cf49723928eb6070a892cb39d6c156f7b5a2db4e8971cb958f7b6b104fb4c4",
                "sha256:97f9e7953a77d5a70f49b9a48da7776dc51e9b738151b22dacf101641594a626",
                "sha256:9ad7f865eebde135d526bb3163d0b23ffff365cf87e767c649550964ad72785d",
                "sha256:a060cf8aa332052df2158e5a119303965be92c3da6f2d93b6878f0ebca80b2f6",
                "sha256:c79f9c5fb846285f943aafeafda3358992d64f0ef58566e23484132ecd8d7d63",
                "sha256:c92302a33138409e8f1ad16731568c55c9053eee71bb05b6b744067e1b62380f",
                "sha256:d08b23fdb388c0715990cbc06866db554e1822c4bdcf6d4166cf30ac82df8c41",
                "sha256:d350f0f2c2421e65fbc62690f26b59b0bcda1b614beb318c81e38647e0f673a1",
                "sha256:ec29604081f10f16a7aea809ad42e27764188fc258b02259a03a8ff7ded3808d",
                "sha256:edf31f1150778abd4322444c393ab9c7bd2af271dd4dafb4208fb613b1f3cdc9",
                "sha256:f7e30c27477dffc3e85c2463b3e649f751789e0f6c8456099eea7ddd53be4a8a",
                "sha256:ffe538682dc19cc542ae7c3e504fdf54ca7f86fb8a135e59dd6bc8627eae6cce"
            ],
            "version": "==7.2.0"
        },
        "psycopg2": {
            "hashes": [
                "sha256:132efc7ee46a763e68a815f4d26223d9c679953cd190f1f218187cb60decf535",
                "sha256:2327bf42c1744a434ed8ed0bbaa9168cac7ee5a22a9001f6fc85c33b8a4a14b7",
                "sha256:27c633f2d5db0fc27b51f1b08f410715b59fa3802987aec91aeb8f562724e95c",
                "sha256:2c0afb40cfb4d53487ee2ebe128649028c9a78d2476d14a67781e45dc287f080",
                "sha256:2df2bf1b87305bd95eb3ac666ee1f00a9c83d10927b8144e8e39644218f4cf81",
                "sha256:440a3ea2c955e89321a138eb7582aa1d22fe286c7d65e26a2c5411af0a88ae72",
                "sha256:6a471d4d2a6f14c97a882e8d3124869bc623f3df6177eefe02994ea41fd45b52",
                "sha256:6b306dae53ec7f4f67a10942cf8ac85de930ea90e9903e2df4001f69b7833f7e",
                "sha256:a0984ff49e176062fcdc8a5a2a670c9bb1704a2f69548bce8f8a7bad41c661bf",
                "sha256:ac5b23d0199c012ad91ed1bbb971b7666da651c6371529b1be8cbe2a7bf3c3a9",
                "sha256:acf56d564e443e3dea152efe972b1434058244298a94348fc518d6dd6a9fb0bb",
                "sha256:d3b29d717d39d3580efd760a9a46a7418408acebbb784717c90d708c9ed5f055",
                "sha256:f7d46240f7a1ae1dd95aab38bd74f7428d46531f69219954266d669da60c0818"
            ],
            "version": "==2.8.5"
        },
        "pypdf2": {
            "hashes": [
                "sha256:e28f902f2f0a1603ea95ebe21dff311ef09be3d0f0ef29a3e44a932729564385"
            ],
            "version": "==1.26.0"
        },
        "pytz": {
            "hashes": [
                "sha256:a494d53b6d39c3c6e44c3bec237336e14305e4f29bbf800b599253057fbb79ed",
                "sha256:c35965d010ce31b23eeb663ed3cc8c906275d6be1a34393a1d73a41febf4a048"
            ],
            "version": "==2020.1"
        },
        "reportlab": {
            "hashes": [
                "sha256:192490e34d950ccb2b6978c3045aba53698502a4bb596e5f2082a0c89c4c75d2",
                "sha256:1d1510f649dbdd6fbaa82b669e15ebb6a4de751b1a28e647b8c371df5e98e4ca",
                "sha256:26b876cf87df25122d5648a9e07278221e17b8919006dddf3b3624148167d865",
                "sha256:2ed6a4492903bf73b04c45a0ba7261ea7195ba111796ac34b7cad936ae8e2473",
                "sha256:3474af8b5e9ef7264a6a15326e2ba1538f64d6aa80e8727d0c1e72b8bf99def4",
                "sha256:379dedcf17732728ac29bd9536077994c651e085fd0d6c60177a64888ea70522",
                "sha256:3ab09aab75961a35dc1e00810e99acadc1a87025e147c9789e6a5ef2b84eb0f3",
                "sha256:3ec03727db5cf69c9c582fdd21eff89d9c8ea9fba2d9e129aca1c7fecbc8e0c4",
                "sha256:42abede1d8334cc4f4d206c46f76314b68b7793d7ad109ab7d240addd381c8bd",
                "sha256:4668b40753d3bf484b6a9f9ac26f859f1af79bc3a3c82ffef04dad68bebfb451",
                "sha256:469f07befa3af5a3450be16091f45a9875631349845951dea91578cc1c4e02ef",
                "sha256:48b510943ec80eaf412f325e5536eacf08642976f24efa58bc7fb5ea6d4a49cc",
                "sha256:4aa6dbf52aeff0a74689edf0bd4c399db11b745405ea5b556746f6f2b7254297",
                "sha256:4fb22a1119cfdeaa2d2b604fd61049f549de592f1ee3b5105b4f0b2820b7d5fd",
                "sha256:529ab086e27ea58b80838e30c586284b1eb1dc0f102e88ff680ed7eaf1306197",
                "sha256:56d71b78e7e4bb31a93e1dff13c22d19b7fb3890b021a39b6c3661b095bd7de8",
                "sha256:5efbf7050b90bd9dfe24f5987ee88005afc3dcb24525353f50a6f5cc7bed6c5b",
                "sha256:6134fb777c493cefb868021ca087cff5d7f272fad370658c72bcadc48f63e4f3",
                "sha256:617c70e68404d6c7d940785f1bb151ac36a5c03a37720782a490bec89a09e66d",
                "sha256:726c412b1eeb6c09f4b62c9fa735c436f7cafbc8f1e8f67aa797483d3eca7f1c",
                "sha256:753ed04cc5c693db12c219097d01217660d3684c8cf871c87d4df29ed4494169",
                "sha256:75647d65bca603b27d11745f9fef0e927bf7412c0112e04efd0e10d17db9448e",
                "sha256:8c6f6e44e440b57adecdd3a18082d77fdd600735ffa7672e3735f054e9dc9d0f",
                "sha256:949d129ac63cc881c6b97b29e806a14c95f12d6c301f38d80f319283fe4ffd75",
                "sha256:9ad7f375b2051cba4476f327d9a457319562408637c99c3019d4927968946235",
                "sha256:9cb0d946dc99e2d2b57cbd4c0022580bf7b4df0115438713fd6c739a24d8f7da",
                "sha256:a15f58bb0aaf13d34fe15daf9e8183e3d8a70ec1e5121f57d646cf46c750d6e4",
                "sha256:a38529bab22a745e26ddd748ce208a86e1448b9997c2b8adf45fe10eba9b56c2",
                "sha256:c1d3748716c73ca7d9486a065495414560536af2e12709c45d23e9413468300b",
                "sha256:c31edbe9129a75085b6d361a523aca727458234c42daa5ace05b39f2136afa87",
                "sha256:c955bb5c9f96db20ebc78d9faafe9aa045c857b0ff084a4a84cb64db25f2e4a5",
                "sha256:ccf4b429c770359ef92d2da82b7fe339a3543771c7485602c29ab7009e084dbd",
                "sha256:d4dcbda1d2feec119049df67cdcbf2f79292c311b2f1eb4e12adcf12f9ca2e95",
                "sha256:d97ef47275afb21fefcb43b410574c8c808cddca7e6e25ea98573fec3e625a61",
                "sha256:dcf5f04f789ab9425e5deb4c9c2652a24d8760a85955837c4047950e200660ee",
                "sha256:de37e0c54725fab6a4838f1b0a318245e88424443b595860e3286467dd46e901",
                "sha256:e1c71657e30636e96466e7435fb4b24fd41f5495dc09d73f7a3e2237688b3d53",
                "sha256:f245e85f6b06bc4ed60804e82580a3a04ba78e9146402aa07e99464697e9c106",
                "sha256:f59e4775cc2f060ec38ce43b36bc4492cd3e2ea5f91ec9cf3aefb9c2afd3654a",
                "sha256:f7e5b3f051d9203dcddfeb8a14ca8e355e691b0d118761c06c60b7a7306434fe"
            ],
            "version": "==3.5.46"
        },
        "six": {
            "hashes": [
                "sha256:30639c035cdb23534cd4aa2dd52c3bf48f06e5f4a941509c8bafd8ce11080259",
                "sha256:8b74bedcbbbaca38ff6d7491d76f2b06b3592611af620f8426e82dddb04a5ced"
            ],
            "version": "==1.15.0"
        },
        "sqlparse": {
            "hashes": [
                "sha256:022fb9c87b524d1f7862b3037e541f68597a730a8843245c349fc93e1643dc4e",
                "sha256:e162203737712307dfe78860cc56c8da8a852ab2ee33750e33aeadf38d12c548"
            ],
            "version": "==0.3.1"
        },
        "webencodings": {
            "hashes": [
                "sha256:a0af1213f3c2226497a97e2b3aa01a7e4bee4f403f95be16fc9acd2947514a78",
                "sha256:b36a1c245f2d304965eb4e0a82848379241dc04b865afcc4aab16748587e1923"
            ],
            "version": "==0.5.1"
        },
        "whitenoise": {
            "hashes": [
                "sha256:60154b976a13901414a25b0273a841145f77eb34a141f9ae032a0ace3e4d5b27",
                "sha256:6dd26bfda3af29177d8ab7333a0c7b7642eb615ce83764f4d15a9aecda3201c4"
            ],
            "version": "==5.1.0"
        },
        "xhtml2pdf": {
            "hashes": [
                "sha256:6793fbbdcb6bb8a4a70132966d8d95e95ea3498cdf0e82252d2b8e9aae34fcb5"
            ],
            "index": "pypi",
            "version": "==0.2.4"
        }
    },
    "develop": {}
}
